
Microsoft Visual Studio Solution File, Format Version 12.00
# Visual Studio Version 17
VisualStudioVersion = 17.9.34728.123
MinimumVisualStudioVersion = 10.0.40219.1
Project("{FAE04EC0-301F-11D3-BF4B-00C04F79EFBC}") = "XRayImageProcessor", "XRayImageProcessor\XRayImageProcessor.csproj", "{1DB5FF28-37B4-4E3E-ABF3-5EE732C78886}"
EndProject
Global
	GlobalSection(SolutionConfigurationPlatforms) = preSolution
		Debug|Any CPU = Debug|Any CPU
		Release|Any CPU = Release|Any CPU
	EndGlobalSection
	GlobalSection(ProjectConfigurationPlatforms) = postSolution
		{1DB5FF28-37B4-4E3E-ABF3-5EE732C78886}.Debug|Any CPU.ActiveCfg = Debug|Any CPU
		{1DB5FF28-37B4-4E3E-ABF3-5EE732C78886}.Debug|Any CPU.Build.0 = Debug|Any CPU
		{1DB5FF28-37B4-4E3E-ABF3-5EE732C78886}.Release|Any CPU.ActiveCfg = Release|Any CPU
		{1DB5FF28-37B4-4E3E-ABF3-5EE732C78886}.Release|Any CPU.Build.0 = Release|Any CPU
	EndGlobalSection
	GlobalSection(SolutionProperties) = preSolution
		HideSolutionNode = FALSE
	EndGlobalSection
	GlobalSection(ExtensibilityGlobals) = postSolution
		SolutionGuid = {2B48AF06-6478-40B9-91BE-F4BCA094028E}
	EndGlobalSection
EndGlobal
